
Microsoft Visual Studio Solution File, Format Version 12.00
# Visual Studio Version 16
VisualStudioVersion = 16.0.31729.503
MinimumVisualStudioVersion = 10.0.40219.1
Project("{FAE04EC0-301F-11D3-BF4B-00C04F79EFBC}") = "WpfHello", "WpfHello\WpfHello.csproj", "{86D4A8B0-E288-464B-8BC8-7555C3B88C9A}"
EndProject
Project("{FAE04EC0-301F-11D3-BF4B-00C04F79EFBC}") = "WpfHelloNav", "WpfHelloNav\WpfHelloNav.csproj", "{408E1078-E292-49AF-890E-85B42A13D140}"
EndProject
Global
	GlobalSection(SolutionConfigurationPlatforms) = preSolution
		Debug|Any CPU = Debug|Any CPU
		Release|Any CPU = Release|Any CPU
	EndGlobalSection
	GlobalSection(ProjectConfigurationPlatforms) = postSolution
		{86D4A8B0-E288-464B-8BC8-7555C3B88C9A}.Debug|Any CPU.ActiveCfg = Debug|Any CPU
		{86D4A8B0-E288-464B-8BC8-7555C3B88C9A}.Debug|Any CPU.Build.0 = Debug|Any CPU
		{86D4A8B0-E288-464B-8BC8-7555C3B88C9A}.Release|Any CPU.ActiveCfg = Release|Any CPU
		{86D4A8B0-E288-464B-8BC8-7555C3B88C9A}.Release|Any CPU.Build.0 = Release|Any CPU
		{408E1078-E292-49AF-890E-85B42A13D140}.Debug|Any CPU.ActiveCfg = Debug|Any CPU
		{408E1078-E292-49AF-890E-85B42A13D140}.Debug|Any CPU.Build.0 = Debug|Any CPU
		{408E1078-E292-49AF-890E-85B42A13D140}.Release|Any CPU.ActiveCfg = Release|Any CPU
		{408E1078-E292-49AF-890E-85B42A13D140}.Release|Any CPU.Build.0 = Release|Any CPU
	EndGlobalSection
	GlobalSection(SolutionProperties) = preSolution
		HideSolutionNode = FALSE
	EndGlobalSection
	GlobalSection(ExtensibilityGlobals) = postSolution
		SolutionGuid = {C72709EA-03C4-435C-8B52-7101F9EF3077}
	EndGlobalSection
EndGlobal
